
Microsoft Visual Studio Solution File, Format Version 12.00
# Visual Studio Version 16
VisualStudioVersion = 16.0.29102.190
MinimumVisualStudioVersion = 10.0.40219.1
Project("{FAE04EC0-301F-11D3-BF4B-00C04F79EFBC}") = "Samico", "Samico.csproj", "{0658B402-59AF-4CEB-BA9A-12BF4AF4BC52}"
EndProject
Global
	GlobalSection(SolutionConfigurationPlatforms) = preSolution
		Debug|Any CPU = Debug|Any CPU
		Release|Any CPU = Release|Any CPU
	EndGlobalSection
	GlobalSection(ProjectConfigurationPlatforms) = postSolution
		{0658B402-59AF-4CEB-BA9A-12BF4AF4BC52}.Debug|Any CPU.ActiveCfg = Debug|Any CPU
		{0658B402-59AF-4CEB-BA9A-12BF4AF4BC52}.Debug|Any CPU.Build.0 = Debug|Any CPU
		{0658B402-59AF-4CEB-BA9A-12BF4AF4BC52}.Release|Any CPU.ActiveCfg = Release|Any CPU
		{0658B402-59AF-4CEB-BA9A-12BF4AF4BC52}.Release|Any CPU.Build.0 = Release|Any CPU
	EndGlobalSection
	GlobalSection(SolutionProperties) = preSolution
		HideSolutionNode = FALSE
	EndGlobalSection
	GlobalSection(ExtensibilityGlobals) = postSolution
		SolutionGuid = {F71DF333-3E81-4C26-ACBD-C4CF2B68D7D2}
	EndGlobalSection
EndGlobal
